{
  "name": "@lumetra/engram-ax",
  "version": "0.1.2",
  "lockfileVersion": 3,
  "requires": true,
  "packages": {
    "": {
      "name": "@lumetra/engram-ax",
      "version": "0.1.2",
      "license": "MIT",
      "devDependencies": {
        "@ax-llm/ax": "^14.0.0",
        "typescript": "^5.5.0"
      },
      "engines": {
        "node": ">=18"
      },
      "peerDependencies": {
        "@ax-llm/ax": ">=13.0.0 <16.0.0"
      },
      "peerDependenciesMeta": {
        "@ax-llm/ax": {
          "optional": true
        }
      }
    },
    "node_modules/@ax-llm/ax": {
      "version": "14.0.44",
      "resolved": "https://registry.npmjs.org/@ax-llm/ax/-/ax-14.0.44.tgz",
      "integrity": "sha512-bW/2aq0FyenC7VWZz9EXXU83gTSH4cD/rYZjx/FGzEcoQcZUcJczCI7iaXjh3X6aBCrSFomRf4LUa1egA+KFxA==",
      "dev": true,
      "license": "Apache-2.0",
      "dependencies": {
        "@opentelemetry/api": "^1.9.0",
        "dayjs": "^1.11.13"
      }
    },
    "node_modules/@opentelemetry/api": {
      "version": "1.9.1",
      "resolved": "https://registry.npmjs.org/@opentelemetry/api/-/api-1.9.1.tgz",
      "integrity": "sha512-gLyJlPHPZYdAk1JENA9LeHejZe1Ti77/pTeFm/nMXmQH/HFZlcS/O2XJB+L8fkbrNSqhdtlvjBVjxwUYanNH5Q==",
      "dev": true,
      "license": "Apache-2.0",
      "engines": {
        "node": ">=8.0.0"
      }
    },
    "node_modules/dayjs": {
      "version": "1.11.20",
      "resolved": "https://registry.npmjs.org/dayjs/-/dayjs-1.11.20.tgz",
      "integrity": "sha512-YbwwqR/uYpeoP4pu043q+LTDLFBLApUP6VxRihdfNTqu4ubqMlGDLd6ErXhEgsyvY0K6nCs7nggYumAN+9uEuQ==",
      "dev": true,
      "license": "MIT"
    },
    "node_modules/typescript": {
      "version": "5.9.3",
      "resolved": "https://registry.npmjs.org/typescript/-/typescript-5.9.3.tgz",
      "integrity": "sha512-jl1vZzPDinLr9eUt3J/t7V6FgNEw9QjvBPdysz9KfQDD41fQrC2Y4vKQdiaUpFT4bXlb1RHhLpp8wtm6M5TgSw==",
      "dev": true,
      "license": "Apache-2.0",
      "bin": {
        "tsc": "bin/tsc",
        "tsserver": "bin/tsserver"
      },
      "engines": {
        "node": ">=14.17"
      }
    }
  }
}
